Microsoft Visual Studio Solution File, Format Version 12.00
# Visual Studio Version 17
VisualStudioVersion = 17.5.2.0
MinimumVisualStudioVersion = 10.0.40219.1
Project("{FAE04EC0-301F-11D3-BF4B-00C04F79EFBC}") = "scancat", "scancat.csproj", "{BE13E082-C4FE-0D77-6746-C99020DE8634}"
EndProject
Global
	GlobalSection(SolutionConfigurationPlatforms) = preSolution
		Debug|Any CPU = Debug|Any CPU
		Release|Any CPU = Release|Any CPU
	EndGlobalSection
	GlobalSection(ProjectConfigurationPlatforms) = postSolution
		{BE13E082-C4FE-0D77-6746-C99020DE8634}.Debug|Any CPU.ActiveCfg = Debug|Any CPU
		{BE13E082-C4FE-0D77-6746-C99020DE8634}.Debug|Any CPU.Build.0 = Debug|Any CPU
		{BE13E082-C4FE-0D77-6746-C99020DE8634}.Release|Any CPU.ActiveCfg = Release|Any CPU
		{BE13E082-C4FE-0D77-6746-C99020DE8634}.Release|Any CPU.Build.0 = Release|Any CPU
	EndGlobalSection
	GlobalSection(SolutionProperties) = preSolution
		HideSolutionNode = FALSE
	EndGlobalSection
	GlobalSection(ExtensibilityGlobals) = postSolution
		SolutionGuid = {4E4EC136-9C0C-48F4-875E-2029CAA01ADA}
	EndGlobalSection
EndGlobal
